{
  "name": "webproject",
  "lockfileVersion": 2,
  "requires": true,
  "packages": {
    "": {
      "dependencies": {
        "device-detector-js": "^3.0.3"
      }
    },
    "node_modules/device-detector-js": {
      "version": "3.0.3",
      "resolved": "https://registry.npmjs.org/device-detector-js/-/device-detector-js-3.0.3.tgz",
      "integrity": "sha512-jM89LJAvP6uOd84at8OlD9dWP8KeYCCHUde0RT0HQo/stdoRH4b54Xl/fntx2nEXCmqiFhmo+/cJetS2VGUHPw==",
      "engines": {
        "node": ">= 8.11.4"
      }
    }
  },
  "dependencies": {
    "device-detector-js": {
      "version": "3.0.3",
      "resolved": "https://registry.npmjs.org/device-detector-js/-/device-detector-js-3.0.3.tgz",
      "integrity": "sha512-jM89LJAvP6uOd84at8OlD9dWP8KeYCCHUde0RT0HQo/stdoRH4b54Xl/fntx2nEXCmqiFhmo+/cJetS2VGUHPw=="
    }
  }
}
